github.com/cheekybits/is v0.0.0-20150225183255-68e9c0620927 h1:SKI1/fuSdodxmNNyVBR8d7X/HuLnRpvvFO0AgyQk764=
github.com/cheekybits/is v0.0.0-20150225183255-68e9c0620927/go.mod h1:h/aW8ynjgkuj+NQRlZcDbAbM1ORAbXjXX77sX7T289U=
github.com/joho/godotenv v1.4.0 h1:3l4+N6zfMWnkbPEXKng2o2/MR5mSwTrBih4ZEkkz1lg=
github.com/joho/godotenv v1.4.0/go.mod h1:f4LDr5Voq0i2e/R5DDNOoa2zzDfwtkZa6DnEwAbqwq4=
github.com/za-wave/goblueprints v0.0.0-20211111084642-910823dc87de h1:gwezod4WcT4QQ5VxAR434vyu+noW1lTzwO4R4rpm9UU=
github.com/za-wave/goblueprints v0.0.0-20211111084642-910823dc87de/go.mod h1:txTIzbDHNRgVOgQ3m0xbsGnEOdP5KIoet8lJyYSa2mw=
